# This file is autogenerated, do not edit; changes may be undone by the next 'dep ensure'.


[[projects]]
  digest = "1:5c3894b2aa4d6bead0ceeea6831b305d62879c871780e7b76296ded1b004bc57"
  name = "cloud.google.com/go"
  packages = ["compute/metadata"]
  pruneopts = "UT"
  revision = "97efc2c9ffd9fe8ef47f7f3203dc60bbca547374"
  version = "v0.28.0"

[[projects]]
  digest = "1:91b0e603d98cf4378c556910c9e6fc211bbc660952bba5eaf03e99d6e839ae1f"
  name = "github.com/dghubble/gologin"
  packages = [
    ".",
    "facebook",
    "google",
    "internal",
    "oauth2",
  ]
  pruneopts = "UT"
  revision = "ea49f1659cedb2bbef34a869e014700fec178ae5"
  version = "v2.0.0"

[[projects]]
  branch = "master"
  digest = "1:080a5e8604b7ba2b07d34bbc37de0ba46663f4b977e73d4e9ddf4c150cd26e0d"
  name = "github.com/dghubble/sessions"
  packages = ["."]
  pruneopts = "UT"
  revision = "26dc61fdb7361714ff41a80a2ad18cbdf8ba1956"

[[projects]]
  digest = "1:ace1aef6acdf2c4647365dc87c14fb8b71ed8bb0b3ae114ffb216614a24da219"
  name = "github.com/dghubble/sling"
  packages = ["."]
  pruneopts = "UT"
  revision = "eb56e89ac5088bebb12eef3cb4b293300f43608b"
  version = "v1.1.0"

[[projects]]
  digest = "1:97df918963298c287643883209a2c3f642e6593379f97ab400c2a2e219ab647d"
  name = "github.com/golang/protobuf"
  packages = ["proto"]
  pruneopts = "UT"
  revision = "aa810b61a9c79d51363740d207bb46cf8e620ed5"
  version = "v1.2.0"

[[projects]]
  digest = "1:a63cff6b5d8b95638bfe300385d93b2a6d9d687734b863da8e09dc834510a690"
  name = "github.com/google/go-querystring"
  packages = ["query"]
  pruneopts = "UT"
  revision = "44c6ddd0a2342c386950e880b658017258da92fc"
  version = "v1.0.0"

[[projects]]
  digest = "1:e72d1ebb8d395cf9f346fd9cbc652e5ae222dd85e0ac842dc57f175abed6d195"
  name = "github.com/gorilla/securecookie"
  packages = ["."]
  pruneopts = "UT"
  revision = "e59506cc896acb7f7bf732d4fdf5e25f7ccd8983"
  version = "v1.1.1"

[[projects]]
  digest = "1:7b5c6e2eeaa9ae5907c391a91c132abfd5c9e8a784a341b5625e750c67e6825d"
  name = "github.com/gorilla/websocket"
  packages = ["."]
  pruneopts = "UT"
  revision = "66b9c49e59c6c48f0ffce28c2d8b8a5678502c6d"
  version = "v1.4.0"

[[projects]]
  branch = "master"
  digest = "1:438016f7d4af8e5a7010b6d0705b267a7607ddc0decad051e83a9458c6b9a523"
  name = "github.com/jmoiron/jsonq"
  packages = ["."]
  pruneopts = "UT"
  revision = "e874b168d07ecc7808bc950a17998a8aa3141d82"

[[projects]]
  branch = "master"
  digest = "1:048f85adb4eeed8feedaec030983d629e9903950b237345d579f920bdeaabf00"
  name = "github.com/kabukky/httpscerts"
  packages = ["."]
  pruneopts = "UT"
  revision = "617593d7dcb39c9ed617bb62c5e2056244d02184"

[[projects]]
  branch = "master"
  digest = "1:34534b73e925d20cc72cf202f8b482fdcbe3a1b113e19375f31aadabd0f0f97d"
  name = "github.com/nfnt/resize"
  packages = ["."]
  pruneopts = "UT"
  revision = "83c6a9932646f83e3267f353373d47347b6036b2"

[[projects]]
  digest = "1:274f67cb6fed9588ea2521ecdac05a6d62a8c51c074c1fccc6a49a40ba80e925"
  name = "github.com/satori/go.uuid"
  packages = ["."]
  pruneopts = "UT"
  revision = "f58768cc1a7a7e77a3bd49e98cdd21419399b6a3"
  version = "v1.2.0"

[[projects]]
  branch = "master"
  digest = "1:d6b719875cf8091fbab38527d81d34e71f4521b9ee9ccfbd4a32cff2ac5af96e"
  name = "golang.org/x/net"
  packages = [
    "context",
    "context/ctxhttp",
  ]
  pruneopts = "UT"
  revision = "f5e5bdd778241bfefa8627f7124c39cd6ad8d74f"

[[projects]]
  branch = "master"
  digest = "1:1a137c51b995a9cd6665f98e853b8f6193c20c49562a530217abd779e02eade1"
  name = "golang.org/x/oauth2"
  packages = [
    ".",
    "facebook",
    "google",
    "internal",
    "jws",
    "jwt",
  ]
  pruneopts = "UT"
  revision = "d2e6202438beef2727060aa7cabdd924d92ebfd9"

[[projects]]
  branch = "master"
  digest = "1:de4b5d7176933bb30fc8333dfa0d73b098d6d8a77f6f004fdd580521aa2d7e4f"
  name = "google.golang.org/api"
  packages = [
    "gensupport",
    "googleapi",
    "googleapi/internal/uritemplates",
    "oauth2/v2",
  ]
  pruneopts = "UT"
  revision = "f5c49d98d21cc639f7ba8c7e4b127e88ee2af7ed"

[[projects]]
  digest = "1:193950893ea275f89ed92e5da11ed8fa1436872f755a9ea5d4afa83dc9d9c3a8"
  name = "google.golang.org/appengine"
  packages = [
    ".",
    "internal",
    "internal/app_identity",
    "internal/base",
    "internal/datastore",
    "internal/log",
    "internal/modules",
    "internal/remote_api",
    "internal/urlfetch",
    "urlfetch",
  ]
  pruneopts = "UT"
  revision = "ae0ab99deb4dc413a2b4bd6c8bdd0eb67f1e4d06"
  version = "v1.2.0"

[solve-meta]
  analyzer-name = "dep"
  analyzer-version = 1
  input-imports = [
    "github.com/dghubble/gologin",
    "github.com/dghubble/gologin/facebook",
    "github.com/dghubble/gologin/google",
    "github.com/dghubble/sessions",
    "github.com/gorilla/securecookie",
    "github.com/gorilla/websocket",
    "github.com/jmoiron/jsonq",
    "github.com/kabukky/httpscerts",
    "github.com/nfnt/resize",
    "github.com/satori/go.uuid",
    "golang.org/x/oauth2",
    "golang.org/x/oauth2/facebook",
    "golang.org/x/oauth2/google",
  ]
  solver-name = "gps-cdcl"
  solver-version = 1
